
Microsoft Visual Studio Solution File, Format Version 12.00
# Visual Studio Version 16
VisualStudioVersion = 16.0.29123.88
MinimumVisualStudioVersion = 10.0.40219.1
Project("{FAE04EC0-301F-11D3-BF4B-00C04F79EFBC}") = "cwiczenia1", "cwiczenia1\cwiczenia1.csproj", "{594F4703-6C76-41B9-AD9F-2849FAEACAE1}"
EndProject
Global
	GlobalSection(SolutionConfigurationPlatforms) = preSolution
		Debug|Any CPU = Debug|Any CPU
		Release|Any CPU = Release|Any CPU
	EndGlobalSection
	GlobalSection(ProjectConfigurationPlatforms) = postSolution
		{594F4703-6C76-41B9-AD9F-2849FAEACAE1}.Debug|Any CPU.ActiveCfg = Debug|Any CPU
		{594F4703-6C76-41B9-AD9F-2849FAEACAE1}.Debug|Any CPU.Build.0 = Debug|Any CPU
		{594F4703-6C76-41B9-AD9F-2849FAEACAE1}.Release|Any CPU.ActiveCfg = Release|Any CPU
		{594F4703-6C76-41B9-AD9F-2849FAEACAE1}.Release|Any CPU.Build.0 = Release|Any CPU
	EndGlobalSection
	GlobalSection(SolutionProperties) = preSolution
		HideSolutionNode = FALSE
	EndGlobalSection
	GlobalSection(ExtensibilityGlobals) = postSolution
		SolutionGuid = {9D1F2EC3-3562-4DDB-B2F3-75FE0FED0B64}
	EndGlobalSection
EndGlobal
